
Microsoft Visual Studio Solution File, Format Version 12.00
# Visual Studio Version 16
VisualStudioVersion = 16.0.29728.190
MinimumVisualStudioVersion = 10.0.40219.1
Project("{9A19103F-16F7-4668-BE54-9A1E7A4F7556}") = "AskSprint1_1", "AskSprint1_1.csproj", "{CB592EE9-C697-4C2E-A968-98201E591471}"
EndProject
Global
	GlobalSection(SolutionConfigurationPlatforms) = preSolution
		Debug|Any CPU = Debug|Any CPU
		Release|Any CPU = Release|Any CPU
	EndGlobalSection
	GlobalSection(ProjectConfigurationPlatforms) = postSolution
		{CB592EE9-C697-4C2E-A968-98201E591471}.Debug|Any CPU.ActiveCfg = Debug|Any CPU
		{CB592EE9-C697-4C2E-A968-98201E591471}.Debug|Any CPU.Build.0 = Debug|Any CPU
		{CB592EE9-C697-4C2E-A968-98201E591471}.Release|Any CPU.ActiveCfg = Release|Any CPU
		{CB592EE9-C697-4C2E-A968-98201E591471}.Release|Any CPU.Build.0 = Release|Any CPU
	EndGlobalSection
	GlobalSection(SolutionProperties) = preSolution
		HideSolutionNode = FALSE
	EndGlobalSection
	GlobalSection(ExtensibilityGlobals) = postSolution
		SolutionGuid = {A516A1F4-2F1E-42E4-9F6A-9FD939A2A465}
	EndGlobalSection
EndGlobal
